// !$*UTF8*$!
{
	archiveVersion = 1;
	classes = {
	};
	objectVersion = 56;
	objects = {

/* Begin PBXBuildFile section */
		18A5849E2B725CE4001AFDEE /* RealityKitContent in Frameworks */ = {isa = PBXBuildFile; productRef = 18A5849D2B725CE4001AFDEE /* RealityKitContent */; };
		18A584A02B725CE4001AFDEE /* ToDo_visionos1App.swift in Sources */ = {isa = PBXBuildFile; fileRef = 18A5849F2B725CE4001AFDEE /* ToDo_visionos1App.swift */; };
		18A584A22B725CE4001AFDEE /* ContentView.swift in Sources */ = {isa = PBXBuildFile; fileRef = 18A584A12B725CE4001AFDEE /* ContentView.swift */; };
		18A584A42B725CE4001AFDEE /* Assets.xcassets in Resources */ = {isa = PBXBuildFile; fileRef = 18A584A32B725CE4001AFDEE /* Assets.xcassets */; };
		18A584A72B725CE4001AFDEE /* Preview Assets.xcassets in Resources */ = {isa = PBXBuildFile; fileRef = 18A584A62B725CE4001AFDEE /* Preview Assets.xcassets */; };
/* End PBXBuildFile section */

/* Begin PBXFileReference section */
		18A584982B725CE3001AFDEE /* ToDo-visionos1.app */ = {isa = PBXFileReference; explicitFileType = wrapper.application; includeInIndex = 0; path = "ToDo-visionos1.app"; sourceTree = BUILT_PRODUCTS_DIR; };
		18A5849C2B725CE4001AFDEE /* RealityKitContent */ = {isa = PBXFileReference; lastKnownFileType = wrapper; path = RealityKitContent; sourceTree = "<group>"; };
		18A5849F2B725CE4001AFDEE /* ToDo_visionos1App.swift */ = {isa = PBXFileReference; lastKnownFileType = sourcecode.swift; path = ToDo_visionos1App.swift; sourceTree = "<group>"; };
		18A584A12B725CE4001AFDEE /* ContentView.swift */ = {isa = PBXFileReference; lastKnownFileType = sourcecode.swift; path = ContentView.swift; sourceTree = "<group>"; };
		18A584A32B725CE4001AFDEE /* Assets.xcassets */ = {isa = PBXFileReference; lastKnownFileType = folder.assetcatalog; path = Assets.xcassets; sourceTree = "<group>"; };
		18A584A62B725CE4001AFDEE /* Preview Assets.xcassets */ = {isa = PBXFileReference; lastKnownFileType = folder.assetcatalog; path = "Preview Assets.xcassets"; sourceTree = "<group>"; };
		18A584A82B725CE4001AFDEE /* Info.plist */ = {isa = PBXFileReference; lastKnownFileType = text.plist.xml; path = Info.plist; sourceTree = "<group>"; };
/* End PBXFileReference section */

/* Begin PBXFrameworksBuildPhase section */
		18A584952B725CE3001AFDEE /* Frameworks */ = {
			isa = PBXFrameworksBuildPhase;
			buildActionMask = 2147483647;
			files = (
				18A5849E2B725CE4001AFDEE /* RealityKitContent in Frameworks */,
			);
			runOnlyForDeploymentPostprocessing = 0;
		};
/* End PBXFrameworksBuildPhase section */

/* Begin PBXGroup section */
		18A5848F2B725CE3001AFDEE = {
			isa = PBXGroup;
			children = (
				18A5849A2B725CE3001AFDEE /* ToDo-visionos1 */,
				18A5849B2B725CE4001AFDEE /* Packages */,
				18A584992B725CE3001AFDEE /* Products */,
			);
			sourceTree = "<group>";
		};
		18A584992B725CE3001AFDEE /* Products */ = {
			isa = PBXGroup;
			children = (
				18A584982B725CE3001AFDEE /* ToDo-visionos1.app */,
			);
			name = Products;
			sourceTree = "<group>";
		};
		18A5849A2B725CE3001AFDEE /* ToDo-visionos1 */ = {
			isa = PBXGroup;
			children = (
				18A5849F2B725CE4001AFDEE /* ToDo_visionos1App.swift */,
				18A584A12B725CE4001AFDEE /* ContentView.swift */,
				18A584A32B725CE4001AFDEE /* Assets.xcassets */,
				18A584A82B725CE4001AFDEE /* Info.plist */,
				18A584A52B725CE4001AFDEE /* Preview Content */,
			);
			path = "ToDo-visionos1";
			sourceTree = "<group>";
		};
		18A5849B2B725CE4001AFDEE /* Packages */ = {
			isa = PBXGroup;
			children = (
				18A5849C2B725CE4001AFDEE /* RealityKitContent */,
			);
			path = Packages;
			sourceTree = "<group>";
		};
		18A584A52B725CE4001AFDEE /* Preview Content */ = {
			isa = PBXGroup;
			children = (
				18A584A62B725CE4001AFDEE /* Preview Assets.xcassets */,
			);
			path = "Preview Content";
			sourceTree = "<group>";
		};
/* End PBXGroup section */

/* Begin PBXNativeTarget section */
		18A584972B725CE3001AFDEE /* ToDo-visionos1 */ = {
			isa = PBXNativeTarget;
			buildConfigurationList = 18A584AB2B725CE4001AFDEE /* Build configuration list for PBXNativeTarget "ToDo-visionos1" */;
			buildPhases = (
				18A584942B725CE3001AFDEE /* Sources */,
				18A584952B725CE3001AFDEE /* Frameworks */,
				18A584962B725CE3001AFDEE /* Resources */,
			);
			buildRules = (
			);
			dependencies = (
			);
			name = "ToDo-visionos1";
			packageProductDependencies = (
				18A5849D2B725CE4001AFDEE /* RealityKitContent */,
			);
			productName = "ToDo-visionos1";
			productReference = 18A584982B725CE3001AFDEE /* ToDo-visionos1.app */;
			productType = "com.apple.product-type.application";
		};
/* End PBXNativeTarget section */

/* Begin PBXProject section */
		18A584902B725CE3001AFDEE /* Project object */ = {
			isa = PBXProject;
			attributes = {
				BuildIndependentTargetsInParallel = 1;
				LastSwiftUpdateCheck = 1520;
				LastUpgradeCheck = 1520;
				TargetAttributes = {
					18A584972B725CE3001AFDEE = {
						CreatedOnToolsVersion = 15.2;
					};
				};
			};
			buildConfigurationList = 18A584932B725CE3001AFDEE /* Build configuration list for PBXProject "ToDo-visionos1" */;
			compatibilityVersion = "Xcode 14.0";
			developmentRegion = en;
			hasScannedForEncodings = 0;
			knownRegions = (
				en,
				Base,
			);
			mainGroup = 18A5848F2B725CE3001AFDEE;
			productRefGroup = 18A584992B725CE3001AFDEE /* Products */;
			projectDirPath = "";
			projectRoot = "";
			targets = (
				18A584972B725CE3001AFDEE /* ToDo-visionos1 */,
			);
		};
/* End PBXProject section */

/* Begin PBXResourcesBuildPhase section */
		18A584962B725CE3001AFDEE /* Resources */ = {
			isa = PBXResourcesBuildPhase;
			buildActionMask = 2147483647;
			files = (
				18A584A72B725CE4001AFDEE /* Preview Assets.xcassets in Resources */,
				18A584A42B725CE4001AFDEE /* Assets.xcassets in Resources */,
			);
			runOnlyForDeploymentPostprocessing = 0;
		};
/* End PBXResourcesBuildPhase section */

/* Begin PBXSourcesBuildPhase section */
		18A584942B725CE3001AFDEE /* Sources */ = {
			isa = PBXSourcesBuildPhase;
			buildActionMask = 2147483647;
			files = (
				18A584A22B725CE4001AFDEE /* ContentView.swift in Sources */,
				18A584A02B725CE4001AFDEE /* ToDo_visionos1App.swift in Sources */,
			);
			runOnlyForDeploymentPostprocessing = 0;
		};
/* End PBXSourcesBuildPhase section */

/* Begin XCBuildConfiguration section */
		18A584A92B725CE4001AFDEE /* Debug */ = {
			isa = XCBuildConfiguration;
			buildSettings = {
				ALWAYS_SEARCH_USER_PATHS = NO;
				ASSETCATALOG_COMPILER_GENERATE_SWIFT_ASSET_SYMBOL_EXTENSIONS = YES;
				CLANG_ANALYZER_NONNULL = YES;
				CLANG_ANALYZER_NUMBER_OBJECT_CONVERSION = YES_AGGRESSIVE;
				CLANG_CXX_LANGUAGE_STANDARD = "gnu++20";
				CLANG_ENABLE_MODULES = YES;
				CLANG_ENABLE_OBJC_ARC = YES;
				CLANG_ENABLE_OBJC_WEAK = YES;
				CLANG_WARN_BLOCK_CAPTURE_AUTORELEASING = YES;
				CLANG_WARN_BOOL_CONVERSION = YES;
				CLANG_WARN_COMMA = YES;
				CLANG_WARN_CONSTANT_CONVERSION = YES;
				CLANG_WARN_DEPRECATED_OBJC_IMPLEMENTATIONS = YES;
				CLANG_WARN_DIRECT_OBJC_ISA_USAGE = YES_ERROR;
				CLANG_WARN_DOCUMENTATION_COMMENTS = YES;
				CLANG_WARN_EMPTY_BODY = YES;
				CLANG_WARN_ENUM_CONVERSION = YES;
				CLANG_WARN_INFINITE_RECURSION = YES;
				CLANG_WARN_INT_CONVERSION = YES;
				CLANG_WARN_NON_LITERAL_NULL_CONVERSION = YES;
				CLANG_WARN_OBJC_IMPLICIT_RETAIN_SELF = YES;
				CLANG_WARN_OBJC_LITERAL_CONVERSION = YES;
				CLANG_WARN_OBJC_ROOT_CLASS = YES_ERROR;
				CLANG_WARN_QUOTED_INCLUDE_IN_FRAMEWORK_HEADER = YES;
				CLANG_WARN_RANGE_LOOP_ANALYSIS = YES;
				CLANG_WARN_STRICT_PROTOTYPES = YES;
				CLANG_WARN_SUSPICIOUS_MOVE = YES;
				CLANG_WARN_UNGUARDED_AVAILABILITY = YES_AGGRESSIVE;
				CLANG_WARN_UNREACHABLE_CODE = YES;
				CLANG_WARN__DUPLICATE_METHOD_MATCH = YES;
				COPY_PHASE_STRIP = NO;
				DEBUG_INFORMATION_FORMAT = dwarf;
				ENABLE_STRICT_OBJC_MSGSEND = YES;
				ENABLE_TESTABILITY = YES;
				ENABLE_USER_SCRIPT_SANDBOXING = YES;
				GCC_C_LANGUAGE_STANDARD = gnu17;
				GCC_DYNAMIC_NO_PIC = NO;
				GCC_NO_COMMON_BLOCKS = YES;
				GCC_OPTIMIZATION_LEVEL = 0;
				GCC_PREPROCESSOR_DEFINITIONS = (
					"DEBUG=1",
					"$(inherited)",
				);
				GCC_WARN_64_TO_32_BIT_CONVERSION = YES;
				GCC_WARN_ABOUT_RETURN_TYPE = YES_ERROR;
				GCC_WARN_UNDECLARED_SELECTOR = YES;
				GCC_WARN_UNINITIALIZED_AUTOS = YES_AGGRESSIVE;
				GCC_WARN_UNUSED_FUNCTION = YES;
				GCC_WARN_UNUSED_VARIABLE = YES;
				LOCALIZATION_PREFERS_STRING_CATALOGS = YES;
				MTL_ENABLE_DEBUG_INFO = INCLUDE_SOURCE;
				MTL_FAST_MATH = YES;
				ONLY_ACTIVE_ARCH = YES;
				SDKROOT = xros;
				SWIFT_ACTIVE_COMPILATION_CONDITIONS = "DEBUG $(inherited)";
				SWIFT_OPTIMIZATION_LEVEL = "-Onone";
				XROS_DEPLOYMENT_TARGET = 1.0;
			};
			name = Debug;
		};
		18A584AA2B725CE4001AFDEE /* Release */ = {
			isa = XCBuildConfiguration;
			buildSettings = {
				ALWAYS_SEARCH_USER_PATHS = NO;
				ASSETCATALOG_COMPILER_GENERATE_SWIFT_ASSET_SYMBOL_EXTENSIONS = YES;
				CLANG_ANALYZER_NONNULL = YES;
				CLANG_ANALYZER_NUMBER_OBJECT_CONVERSION = YES_AGGRESSIVE;
				CLANG_CXX_LANGUAGE_STANDARD = "gnu++20";
				CLANG_ENABLE_MODULES = YES;
				CLANG_ENABLE_OBJC_ARC = YES;
				CLANG_ENABLE_OBJC_WEAK = YES;
				CLANG_WARN_BLOCK_CAPTURE_AUTORELEASING = YES;
				CLANG_WARN_BOOL_CONVERSION = YES;
				CLANG_WARN_COMMA = YES;
				CLANG_WARN_CONSTANT_CONVERSION = YES;
				CLANG_WARN_DEPRECATED_OBJC_IMPLEMENTATIONS = YES;
				CLANG_WARN_DIRECT_OBJC_ISA_USAGE = YES_ERROR;
				CLANG_WARN_DOCUMENTATION_COMMENTS = YES;
				CLANG_WARN_EMPTY_BODY = YES;
				CLANG_WARN_ENUM_CONVERSION = YES;
				CLANG_WARN_INFINITE_RECURSION = YES;
				CLANG_WARN_INT_CONVERSION = YES;
				CLANG_WARN_NON_LITERAL_NULL_CONVERSION = YES;
				CLANG_WARN_OBJC_IMPLICIT_RETAIN_SELF = YES;
				CLANG_WARN_OBJC_LITERAL_CONVERSION = YES;
				CLANG_WARN_OBJC_ROOT_CLASS = YES_ERROR;
				CLANG_WARN_QUOTED_INCLUDE_IN_FRAMEWORK_HEADER = YES;
				CLANG_WARN_RANGE_LOOP_ANALYSIS = YES;
				CLANG_WARN_STRICT_PROTOTYPES = YES;
				CLANG_WARN_SUSPICIOUS_MOVE = YES;
				CLANG_WARN_UNGUARDED_AVAILABILITY = YES_AGGRESSIVE;
				CLANG_WARN_UNREACHABLE_CODE = YES;
				CLANG_WARN__DUPLICATE_METHOD_MATCH = YES;
				COPY_PHASE_STRIP = NO;
				DEBUG_INFORMATION_FORMAT = "dwarf-with-dsym";
				ENABLE_NS_ASSERTIONS = NO;
				ENABLE_STRICT_OBJC_MSGSEND = YES;
				ENABLE_USER_SCRIPT_SANDBOXING = YES;
				GCC_C_LANGUAGE_STANDARD = gnu17;
				GCC_NO_COMMON_BLOCKS = YES;
				GCC_WARN_64_TO_32_BIT_CONVERSION = YES;
				GCC_WARN_ABOUT_RETURN_TYPE = YES_ERROR;
				GCC_WARN_UNDECLARED_SELECTOR = YES;
				GCC_WARN_UNINITIALIZED_AUTOS = YES_AGGRESSIVE;
				GCC_WARN_UNUSED_FUNCTION = YES;
				GCC_WARN_UNUSED_VARIABLE = YES;
				LOCALIZATION_PREFERS_STRING_CATALOGS = YES;
				MTL_ENABLE_DEBUG_INFO = NO;
				MTL_FAST_MATH = YES;
				SDKROOT = xros;
				SWIFT_COMPILATION_MODE = wholemodule;
				VALIDATE_PRODUCT = YES;
				XROS_DEPLOYMENT_TARGET = 1.0;
			};
			name = Release;
		};
		18A584AC2B725CE4001AFDEE /* Debug */ = {
			isa = XCBuildConfiguration;
			buildSettings = {
				ASSETCATALOG_COMPILER_APPICON_NAME = AppIcon;
				ASSETCATALOG_COMPILER_GLOBAL_ACCENT_COLOR_NAME = AccentColor;
				CODE_SIGN_STYLE = Automatic;
				CURRENT_PROJECT_VERSION = 1;
				DEVELOPMENT_ASSET_PATHS = "\"ToDo-visionos1/Preview Content\"";
				DEVELOPMENT_TEAM = VAW596AAWY;
				ENABLE_PREVIEWS = YES;
				GENERATE_INFOPLIST_FILE = YES;
				INFOPLIST_FILE = "$(TARGET_NAME)/Info.plist";
				LD_RUNPATH_SEARCH_PATHS = (
					"$(inherited)",
					"@executable_path/Frameworks",
				);
				MARKETING_VERSION = 1.0;
				PRODUCT_BUNDLE_IDENTIFIER = "com.alin-radu.ToDo-visionos1.ToDo-visionos1";
				PRODUCT_NAME = "$(TARGET_NAME)";
				SUPPORTED_PLATFORMS = "xros xrsimulator";
				SWIFT_EMIT_LOC_STRINGS = YES;
				SWIFT_VERSION = 5.0;
				TARGETED_DEVICE_FAMILY = "1,2,7";
			};
			name = Debug;
		};
		18A584AD2B725CE4001AFDEE /* Release */ = {
			isa = XCBuildConfiguration;
			buildSettings = {
				ASSETCATALOG_COMPILER_APPICON_NAME = AppIcon;
				ASSETCATALOG_COMPILER_GLOBAL_ACCENT_COLOR_NAME = AccentColor;
				CODE_SIGN_STYLE = Automatic;
				CURRENT_PROJECT_VERSION = 1;
				DEVELOPMENT_ASSET_PATHS = "\"ToDo-visionos1/Preview Content\"";
				DEVELOPMENT_TEAM = VAW596AAWY;
				ENABLE_PREVIEWS = YES;
				GENERATE_INFOPLIST_FILE = YES;
				INFOPLIST_FILE = "$(TARGET_NAME)/Info.plist";
				LD_RUNPATH_SEARCH_PATHS = (
					"$(inherited)",
					"@executable_path/Frameworks",
				);
				MARKETING_VERSION = 1.0;
				PRODUCT_BUNDLE_IDENTIFIER = "com.alin-radu.ToDo-visionos1.ToDo-visionos1";
				PRODUCT_NAME = "$(TARGET_NAME)";
				SUPPORTED_PLATFORMS = "xros xrsimulator";
				SWIFT_EMIT_LOC_STRINGS = YES;
				SWIFT_VERSION = 5.0;
				TARGETED_DEVICE_FAMILY = "1,2,7";
			};
			name = Release;
		};
/* End XCBuildConfiguration section */

/* Begin XCConfigurationList section */
		18A584932B725CE3001AFDEE /* Build configuration list for PBXProject "ToDo-visionos1" */ = {
			isa = XCConfigurationList;
			buildConfigurations = (
				18A584A92B725CE4001AFDEE /* Debug */,
				18A584AA2B725CE4001AFDEE /* Release */,
			);
			defaultConfigurationIsVisible = 0;
			defaultConfigurationName = Release;
		};
		18A584AB2B725CE4001AFDEE /* Build configuration list for PBXNativeTarget "ToDo-visionos1" */ = {
			isa = XCConfigurationList;
			buildConfigurations = (
				18A584AC2B725CE4001AFDEE /* Debug */,
				18A584AD2B725CE4001AFDEE /* Release */,
			);
			defaultConfigurationIsVisible = 0;
			defaultConfigurationName = Release;
		};
/* End XCConfigurationList section */

/* Begin XCSwiftPackageProductDependency section */
		18A5849D2B725CE4001AFDEE /* RealityKitContent */ = {
			isa = XCSwiftPackageProductDependency;
			productName = RealityKitContent;
		};
/* End XCSwiftPackageProductDependency section */
	};
	rootObject = 18A584902B725CE3001AFDEE /* Project object */;
}
